// !$*UTF8*$!
{
	archiveVersion = 1;
	classes = {
	};
	objectVersion = 51;
	objects = {

/* Begin PBXBuildFile section */
		0B36588622DE2B1C0077C147 /* AppDelegate.swift in Sources */ = {isa = PBXBuildFile; fileRef = 0B36588522DE2B1C0077C147 /* AppDelegate.swift */; };
		0B36588822DE2B1C0077C147 /* MessagesTableView.swift in Sources */ = {isa = PBXBuildFile; fileRef = 0B36588722DE2B1C0077C147 /* MessagesTableView.swift */; };
		0B36588D22DE2B1D0077C147 /* Assets.xcassets in Resources */ = {isa = PBXBuildFile; fileRef = 0B36588C22DE2B1D0077C147 /* Assets.xcassets */; };
		0B36589022DE2B1D0077C147 /* LaunchScreen.storyboard in Resources */ = {isa = PBXBuildFile; fileRef = 0B36588E22DE2B1D0077C147 /* LaunchScreen.storyboard */; };
		0B36589822DE2D2C0077C147 /* MessageModel.swift in Sources */ = {isa = PBXBuildFile; fileRef = 0B36589722DE2D2C0077C147 /* MessageModel.swift */; };
		0B41139A22E620AF007F2727 /* RegisterController.swift in Sources */ = {isa = PBXBuildFile; fileRef = 0B41139922E620AF007F2727 /* RegisterController.swift */; };
		0B41139C22E620C4007F2727 /* Util.swift in Sources */ = {isa = PBXBuildFile; fileRef = 0B41139B22E620C4007F2727 /* Util.swift */; };
		0B41139E22E62126007F2727 /* GoogleService-Info.plist in Resources */ = {isa = PBXBuildFile; fileRef = 0B41139D22E62126007F2727 /* GoogleService-Info.plist */; };
		0BBA0DE122DE882800978274 /* ChatViewController.swift in Sources */ = {isa = PBXBuildFile; fileRef = 0BBA0DE022DE882800978274 /* ChatViewController.swift */; };
		3676FFCC22E51CF600AE483D /* AppController.swift in Sources */ = {isa = PBXBuildFile; fileRef = 3676FFCB22E51CF600AE483D /* AppController.swift */; };
		3676FFCE22E51E3F00AE483D /* LoginController.swift in Sources */ = {isa = PBXBuildFile; fileRef = 3676FFCD22E51E3F00AE483D /* LoginController.swift */; };
		4EED7FB73CE8B736C9182B0B /* Pods_The_Chat_App.framework in Frameworks */ = {isa = PBXBuildFile; fileRef = 2CC7A9D03B7E6A0BD9A36F90 /* Pods_The_Chat_App.framework */; };
/* End PBXBuildFile section */

/* Begin PBXFileReference section */
		0B36588222DE2B1C0077C147 /* The-Chat-App.app */ = {isa = PBXFileReference; explicitFileType = wrapper.application; includeInIndex = 0; path = "The-Chat-App.app"; sourceTree = BUILT_PRODUCTS_DIR; };
		0B36588522DE2B1C0077C147 /* AppDelegate.swift */ = {isa = PBXFileReference; lastKnownFileType = sourcecode.swift; path = AppDelegate.swift; sourceTree = "<group>"; };
		0B36588722DE2B1C0077C147 /* MessagesTableView.swift */ = {isa = PBXFileReference; lastKnownFileType = sourcecode.swift; path = MessagesTableView.swift; sourceTree = "<group>"; };
		0B36588C22DE2B1D0077C147 /* Assets.xcassets */ = {isa = PBXFileReference; lastKnownFileType = folder.assetcatalog; path = Assets.xcassets; sourceTree = "<group>"; };
		0B36588F22DE2B1D0077C147 /* Base */ = {isa = PBXFileReference; lastKnownFileType = file.storyboard; name = Base; path = Base.lproj/LaunchScreen.storyboard; sourceTree = "<group>"; };
		0B36589122DE2B1D0077C147 /* Info.plist */ = {isa = PBXFileReference; lastKnownFileType = text.plist.xml; path = Info.plist; sourceTree = "<group>"; };
		0B36589722DE2D2C0077C147 /* MessageModel.swift */ = {isa = PBXFileReference; lastKnownFileType = sourcecode.swift; path = MessageModel.swift; sourceTree = "<group>"; };
		0B41139922E620AF007F2727 /* RegisterController.swift */ = {isa = PBXFileReference; fileEncoding = 4; lastKnownFileType = sourcecode.swift; path = RegisterController.swift; sourceTree = "<group>"; };
		0B41139B22E620C4007F2727 /* Util.swift */ = {isa = PBXFileReference; fileEncoding = 4; lastKnownFileType = sourcecode.swift; path = Util.swift; sourceTree = "<group>"; };
		0B41139D22E62126007F2727 /* GoogleService-Info.plist */ = {isa = PBXFileReference; fileEncoding = 4; lastKnownFileType = text.plist.xml; name = "GoogleService-Info.plist"; path = "../../../../Downloads/GoogleService-Info.plist"; sourceTree = "<group>"; };
		0BBA0DE022DE882800978274 /* ChatViewController.swift */ = {isa = PBXFileReference; lastKnownFileType = sourcecode.swift; path = ChatViewController.swift; sourceTree = "<group>"; };
		2CC7A9D03B7E6A0BD9A36F90 /* Pods_The_Chat_App.framework */ = {isa = PBXFileReference; explicitFileType = wrapper.framework; includeInIndex = 0; path = Pods_The_Chat_App.framework; sourceTree = BUILT_PRODUCTS_DIR; };
		3676FFCB22E51CF600AE483D /* AppController.swift */ = {isa = PBXFileReference; lastKnownFileType = sourcecode.swift; path = AppController.swift; sourceTree = "<group>"; };
		3676FFCD22E51E3F00AE483D /* LoginController.swift */ = {isa = PBXFileReference; lastKnownFileType = sourcecode.swift; path = LoginController.swift; sourceTree = "<group>"; };
		CDE98C49086025DF14DB58DD /* Pods-The-Chat-App.debug.xcconfig */ = {isa = PBXFileReference; includeInIndex = 1; lastKnownFileType = text.xcconfig; name = "Pods-The-Chat-App.debug.xcconfig"; path = "Target Support Files/Pods-The-Chat-App/Pods-The-Chat-App.debug.xcconfig"; sourceTree = "<group>"; };
		D9905163949E35D2E94014E7 /* Pods-The-Chat-App.release.xcconfig */ = {isa = PBXFileReference; includeInIndex = 1; lastKnownFileType = text.xcconfig; name = "Pods-The-Chat-App.release.xcconfig"; path = "Target Support Files/Pods-The-Chat-App/Pods-The-Chat-App.release.xcconfig"; sourceTree = "<group>"; };
/* End PBXFileReference section */

/* Begin PBXFrameworksBuildPhase section */
		0B36587F22DE2B1C0077C147 /* Frameworks */ = {
			isa = PBXFrameworksBuildPhase;
			buildActionMask = 2147483647;
			files = (
				4EED7FB73CE8B736C9182B0B /* Pods_The_Chat_App.framework in Frameworks */,
			);
			runOnlyForDeploymentPostprocessing = 0;
		};
/* End PBXFrameworksBuildPhase section */

/* Begin PBXGroup section */
		0B36587922DE2B1C0077C147 = {
			isa = PBXGroup;
			children = (
				0B36588422DE2B1C0077C147 /* The-Chat-App */,
				0B36588322DE2B1C0077C147 /* Products */,
				473A32BD21246ED96B6DE69E /* Pods */,
				DB526550E16BBBA24FBF6BCD /* Frameworks */,
			);
			sourceTree = "<group>";
		};
		0B36588322DE2B1C0077C147 /* Products */ = {
			isa = PBXGroup;
			children = (
				0B36588222DE2B1C0077C147 /* The-Chat-App.app */,
			);
			name = Products;
			sourceTree = "<group>";
		};
		0B36588422DE2B1C0077C147 /* The-Chat-App */ = {
			isa = PBXGroup;
			children = (
				0BBA0DD722DE31CC00978274 /* SupportingFiles */,
				0B36589B22DE2D4B0077C147 /* Controller */,
				0B36589A22DE2D450077C147 /* View */,
				0B36589922DE2D3C0077C147 /* Model */,
				0B36588522DE2B1C0077C147 /* AppDelegate.swift */,
				0B36588C22DE2B1D0077C147 /* Assets.xcassets */,
			);
			path = "The-Chat-App";
			sourceTree = "<group>";
		};
		0B36589922DE2D3C0077C147 /* Model */ = {
			isa = PBXGroup;
			children = (
				0B36589722DE2D2C0077C147 /* MessageModel.swift */,
			);
			path = Model;
			sourceTree = "<group>";
		};
		0B36589A22DE2D450077C147 /* View */ = {
			isa = PBXGroup;
			children = (
				0B36588E22DE2B1D0077C147 /* LaunchScreen.storyboard */,
			);
			path = View;
			sourceTree = "<group>";
		};
		0B36589B22DE2D4B0077C147 /* Controller */ = {
			isa = PBXGroup;
			children = (
				0B36588722DE2B1C0077C147 /* MessagesTableView.swift */,
				0BBA0DE022DE882800978274 /* ChatViewController.swift */,
				3676FFCB22E51CF600AE483D /* AppController.swift */,
				0B41139922E620AF007F2727 /* RegisterController.swift */,
				3676FFCD22E51E3F00AE483D /* LoginController.swift */,
			);
			path = Controller;
			sourceTree = "<group>";
		};
		0BBA0DD722DE31CC00978274 /* SupportingFiles */ = {
			isa = PBXGroup;
			children = (
				0B36589122DE2B1D0077C147 /* Info.plist */,
				0B41139D22E62126007F2727 /* GoogleService-Info.plist */,
				0B41139B22E620C4007F2727 /* Util.swift */,
			);
			path = SupportingFiles;
			sourceTree = "<group>";
		};
		473A32BD21246ED96B6DE69E /* Pods */ = {
			isa = PBXGroup;
			children = (
				CDE98C49086025DF14DB58DD /* Pods-The-Chat-App.debug.xcconfig */,
				D9905163949E35D2E94014E7 /* Pods-The-Chat-App.release.xcconfig */,
			);
			path = Pods;
			sourceTree = "<group>";
		};
		DB526550E16BBBA24FBF6BCD /* Frameworks */ = {
			isa = PBXGroup;
			children = (
				2CC7A9D03B7E6A0BD9A36F90 /* Pods_The_Chat_App.framework */,
			);
			name = Frameworks;
			sourceTree = "<group>";
		};
/* End PBXGroup section */

/* Begin PBXNativeTarget section */
		0B36588122DE2B1C0077C147 /* The-Chat-App */ = {
			isa = PBXNativeTarget;
			buildConfigurationList = 0B36589422DE2B1D0077C147 /* Build configuration list for PBXNativeTarget "The-Chat-App" */;
			buildPhases = (
				43C1AE7DBD04069C16500887 /* [CP] Check Pods Manifest.lock */,
				0B36587E22DE2B1C0077C147 /* Sources */,
				0B36587F22DE2B1C0077C147 /* Frameworks */,
				0B36588022DE2B1C0077C147 /* Resources */,
				51E08488A561A88B80BC31C4 /* [CP] Embed Pods Frameworks */,
			);
			buildRules = (
			);
			dependencies = (
			);
			name = "The-Chat-App";
			productName = "The-Chat-App";
			productReference = 0B36588222DE2B1C0077C147 /* The-Chat-App.app */;
			productType = "com.apple.product-type.application";
		};
/* End PBXNativeTarget section */

/* Begin PBXProject section */
		0B36587A22DE2B1C0077C147 /* Project object */ = {
			isa = PBXProject;
			attributes = {
				LastSwiftUpdateCheck = 1020;
				LastUpgradeCheck = 1020;
				ORGANIZATIONNAME = "Jacob Rozell";
				TargetAttributes = {
					0B36588122DE2B1C0077C147 = {
						CreatedOnToolsVersion = 10.2.1;
					};
				};
			};
			buildConfigurationList = 0B36587D22DE2B1C0077C147 /* Build configuration list for PBXProject "The-Chat-App" */;
			compatibilityVersion = "Xcode 9.3";
			developmentRegion = en;
			hasScannedForEncodings = 0;
			knownRegions = (
				en,
				Base,
			);
			mainGroup = 0B36587922DE2B1C0077C147;
			productRefGroup = 0B36588322DE2B1C0077C147 /* Products */;
			projectDirPath = "";
			projectRoot = "";
			targets = (
				0B36588122DE2B1C0077C147 /* The-Chat-App */,
			);
		};
/* End PBXProject section */

/* Begin PBXResourcesBuildPhase section */
		0B36588022DE2B1C0077C147 /* Resources */ = {
			isa = PBXResourcesBuildPhase;
			buildActionMask = 2147483647;
			files = (
				0B36589022DE2B1D0077C147 /* LaunchScreen.storyboard in Resources */,
				0B36588D22DE2B1D0077C147 /* Assets.xcassets in Resources */,
				0B41139E22E62126007F2727 /* GoogleService-Info.plist in Resources */,
			);
			runOnlyForDeploymentPostprocessing = 0;
		};
/* End PBXResourcesBuildPhase section */

/* Begin PBXShellScriptBuildPhase section */
		43C1AE7DBD04069C16500887 /* [CP] Check Pods Manifest.lock */ = {
			isa = PBXShellScriptBuildPhase;
			buildActionMask = 2147483647;
			files = (
			);
			inputFileListPaths = (
			);
			inputPaths = (
				"${PODS_PODFILE_DIR_PATH}/Podfile.lock",
				"${PODS_ROOT}/Manifest.lock",
			);
			name = "[CP] Check Pods Manifest.lock";
			outputFileListPaths = (
			);
			outputPaths = (
				"$(DERIVED_FILE_DIR)/Pods-The-Chat-App-checkManifestLockResult.txt",
			);
			runOnlyForDeploymentPostprocessing = 0;
			shellPath = /bin/sh;
			shellScript = "diff \"${PODS_PODFILE_DIR_PATH}/Podfile.lock\" \"${PODS_ROOT}/Manifest.lock\" > /dev/null\nif [ $? != 0 ] ; then\n    # print error to STDERR\n    echo \"error: The sandbox is not in sync with the Podfile.lock. Run 'pod install' or update your CocoaPods installation.\" >&2\n    exit 1\nfi\n# This output is used by Xcode 'outputs' to avoid re-running this script phase.\necho \"SUCCESS\" > \"${SCRIPT_OUTPUT_FILE_0}\"\n";
			showEnvVarsInLog = 0;
		};
		51E08488A561A88B80BC31C4 /* [CP] Embed Pods Frameworks */ = {
			isa = PBXShellScriptBuildPhase;
			buildActionMask = 2147483647;
			files = (
			);
			inputFileListPaths = (
				"${PODS_ROOT}/Target Support Files/Pods-The-Chat-App/Pods-The-Chat-App-frameworks-${CONFIGURATION}-input-files.xcfilelist",
			);
			name = "[CP] Embed Pods Frameworks";
			outputFileListPaths = (
				"${PODS_ROOT}/Target Support Files/Pods-The-Chat-App/Pods-The-Chat-App-frameworks-${CONFIGURATION}-output-files.xcfilelist",
			);
			runOnlyForDeploymentPostprocessing = 0;
			shellPath = /bin/sh;
			shellScript = "\"${PODS_ROOT}/Target Support Files/Pods-The-Chat-App/Pods-The-Chat-App-frameworks.sh\"\n";
			showEnvVarsInLog = 0;
		};
/* End PBXShellScriptBuildPhase section */

/* Begin PBXSourcesBuildPhase section */
		0B36587E22DE2B1C0077C147 /* Sources */ = {
			isa = PBXSourcesBuildPhase;
			buildActionMask = 2147483647;
			files = (
				0B36588822DE2B1C0077C147 /* MessagesTableView.swift in Sources */,
				3676FFCE22E51E3F00AE483D /* LoginController.swift in Sources */,
				0B36589822DE2D2C0077C147 /* MessageModel.swift in Sources */,
				0B41139C22E620C4007F2727 /* Util.swift in Sources */,
				0BBA0DE122DE882800978274 /* ChatViewController.swift in Sources */,
				0B41139A22E620AF007F2727 /* RegisterController.swift in Sources */,
				0B36588622DE2B1C0077C147 /* AppDelegate.swift in Sources */,
				3676FFCC22E51CF600AE483D /* AppController.swift in Sources */,
			);
			runOnlyForDeploymentPostprocessing = 0;
		};
/* End PBXSourcesBuildPhase section */

/* Begin PBXVariantGroup section */
		0B36588E22DE2B1D0077C147 /* LaunchScreen.storyboard */ = {
			isa = PBXVariantGroup;
			children = (
				0B36588F22DE2B1D0077C147 /* Base */,
			);
			name = LaunchScreen.storyboard;
			sourceTree = "<group>";
		};
/* End PBXVariantGroup section */

/* Begin XCBuildConfiguration section */
		0B36589222DE2B1D0077C147 /* Debug */ = {
			isa = XCBuildConfiguration;
			buildSettings = {
				ALWAYS_SEARCH_USER_PATHS = NO;
				CLANG_ANALYZER_NONNULL = YES;
				CLANG_ANALYZER_NUMBER_OBJECT_CONVERSION = YES_AGGRESSIVE;
				CLANG_CXX_LANGUAGE_STANDARD = "gnu++14";
				CLANG_CXX_LIBRARY = "libc++";
				CLANG_ENABLE_MODULES = YES;
				CLANG_ENABLE_OBJC_ARC = YES;
				CLANG_ENABLE_OBJC_WEAK = YES;
				CLANG_WARN_BLOCK_CAPTURE_AUTORELEASING = YES;
				CLANG_WARN_BOOL_CONVERSION = YES;
				CLANG_WARN_COMMA = YES;
				CLANG_WARN_CONSTANT_CONVERSION = YES;
				CLANG_WARN_DEPRECATED_OBJC_IMPLEMENTATIONS = YES;
				CLANG_WARN_DIRECT_OBJC_ISA_USAGE = YES_ERROR;
				CLANG_WARN_DOCUMENTATION_COMMENTS = YES;
				CLANG_WARN_EMPTY_BODY = YES;
				CLANG_WARN_ENUM_CONVERSION = YES;
				CLANG_WARN_INFINITE_RECURSION = YES;
				CLANG_WARN_INT_CONVERSION = YES;
				CLANG_WARN_NON_LITERAL_NULL_CONVERSION = YES;
				CLANG_WARN_OBJC_IMPLICIT_RETAIN_SELF = YES;
				CLANG_WARN_OBJC_LITERAL_CONVERSION = YES;
				CLANG_WARN_OBJC_ROOT_CLASS = YES_ERROR;
				CLANG_WARN_RANGE_LOOP_ANALYSIS = YES;
				CLANG_WARN_STRICT_PROTOTYPES = YES;
				CLANG_WARN_SUSPICIOUS_MOVE = YES;
				CLANG_WARN_UNGUARDED_AVAILABILITY = YES_AGGRESSIVE;
				CLANG_WARN_UNREACHABLE_CODE = YES;
				CLANG_WARN__DUPLICATE_METHOD_MATCH = YES;
				CODE_SIGN_IDENTITY = "iPhone Developer";
				COPY_PHASE_STRIP = NO;
				DEBUG_INFORMATION_FORMAT = dwarf;
				ENABLE_STRICT_OBJC_MSGSEND = YES;
				ENABLE_TESTABILITY = YES;
				GCC_C_LANGUAGE_STANDARD = gnu11;
				GCC_DYNAMIC_NO_PIC = NO;
				GCC_NO_COMMON_BLOCKS = YES;
				GCC_OPTIMIZATION_LEVEL = 0;
				GCC_PREPROCESSOR_DEFINITIONS = (
					"DEBUG=1",
					"$(inherited)",
				);
				GCC_WARN_64_TO_32_BIT_CONVERSION = YES;
				GCC_WARN_ABOUT_RETURN_TYPE = YES_ERROR;
				GCC_WARN_UNDECLARED_SELECTOR = YES;
				GCC_WARN_UNINITIALIZED_AUTOS = YES_AGGRESSIVE;
				GCC_WARN_UNUSED_FUNCTION = YES;
				GCC_WARN_UNUSED_VARIABLE = YES;
				IPHONEOS_DEPLOYMENT_TARGET = 12.2;
				MTL_ENABLE_DEBUG_INFO = INCLUDE_SOURCE;
				MTL_FAST_MATH = YES;
				ONLY_ACTIVE_ARCH = YES;
				SDKROOT = iphoneos;
				SWIFT_ACTIVE_COMPILATION_CONDITIONS = DEBUG;
				SWIFT_OPTIMIZATION_LEVEL = "-Onone";
			};
			name = Debug;
		};
		0B36589322DE2B1D0077C147 /* Release */ = {
			isa = XCBuildConfiguration;
			buildSettings = {
				ALWAYS_SEARCH_USER_PATHS = NO;
				CLANG_ANALYZER_NONNULL = YES;
				CLANG_ANALYZER_NUMBER_OBJECT_CONVERSION = YES_AGGRESSIVE;
				CLANG_CXX_LANGUAGE_STANDARD = "gnu++14";
				CLANG_CXX_LIBRARY = "libc++";
				CLANG_ENABLE_MODULES = YES;
				CLANG_ENABLE_OBJC_ARC = YES;
				CLANG_ENABLE_OBJC_WEAK = YES;
				CLANG_WARN_BLOCK_CAPTURE_AUTORELEASING = YES;
				CLANG_WARN_BOOL_CONVERSION = YES;
				CLANG_WARN_COMMA = YES;
				CLANG_WARN_CONSTANT_CONVERSION = YES;
				CLANG_WARN_DEPRECATED_OBJC_IMPLEMENTATIONS = YES;
				CLANG_WARN_DIRECT_OBJC_ISA_USAGE = YES_ERROR;
				CLANG_WARN_DOCUMENTATION_COMMENTS = YES;
				CLANG_WARN_EMPTY_BODY = YES;
				CLANG_WARN_ENUM_CONVERSION = YES;
				CLANG_WARN_INFINITE_RECURSION = YES;
				CLANG_WARN_INT_CONVERSION = YES;
				CLANG_WARN_NON_LITERAL_NULL_CONVERSION = YES;
				CLANG_WARN_OBJC_IMPLICIT_RETAIN_SELF = YES;
				CLANG_WARN_OBJC_LITERAL_CONVERSION = YES;
				CLANG_WARN_OBJC_ROOT_CLASS = YES_ERROR;
				CLANG_WARN_RANGE_LOOP_ANALYSIS = YES;
				CLANG_WARN_STRICT_PROTOTYPES = YES;
				CLANG_WARN_SUSPICIOUS_MOVE = YES;
				CLANG_WARN_UNGUARDED_AVAILABILITY = YES_AGGRESSIVE;
				CLANG_WARN_UNREACHABLE_CODE = YES;
				CLANG_WARN__DUPLICATE_METHOD_MATCH = YES;
				CODE_SIGN_IDENTITY = "iPhone Developer";
				COPY_PHASE_STRIP = NO;
				DEBUG_INFORMATION_FORMAT = "dwarf-with-dsym";
				ENABLE_NS_ASSERTIONS = NO;
				ENABLE_STRICT_OBJC_MSGSEND = YES;
				GCC_C_LANGUAGE_STANDARD = gnu11;
				GCC_NO_COMMON_BLOCKS = YES;
				GCC_WARN_64_TO_32_BIT_CONVERSION = YES;
				GCC_WARN_ABOUT_RETURN_TYPE = YES_ERROR;
				GCC_WARN_UNDECLARED_SELECTOR = YES;
				GCC_WARN_UNINITIALIZED_AUTOS = YES_AGGRESSIVE;
				GCC_WARN_UNUSED_FUNCTION = YES;
				GCC_WARN_UNUSED_VARIABLE = YES;
				IPHONEOS_DEPLOYMENT_TARGET = 12.2;
				MTL_ENABLE_DEBUG_INFO = NO;
				MTL_FAST_MATH = YES;
				SDKROOT = iphoneos;
				SWIFT_COMPILATION_MODE = wholemodule;
				SWIFT_OPTIMIZATION_LEVEL = "-O";
				VALIDATE_PRODUCT = YES;
			};
			name = Release;
		};
		0B36589522DE2B1D0077C147 /* Debug */ = {
			isa = XCBuildConfiguration;
			baseConfigurationReference = CDE98C49086025DF14DB58DD /* Pods-The-Chat-App.debug.xcconfig */;
			buildSettings = {
				ASSETCATALOG_COMPILER_APPICON_NAME = AppIcon;
				CODE_SIGN_IDENTITY = "iPhone Developer";
				CODE_SIGN_STYLE = Automatic;
				DEVELOPMENT_TEAM = 7JT2JB89AV;
				INFOPLIST_FILE = "The-Chat-App/SupportingFiles/Info.plist";
				LD_RUNPATH_SEARCH_PATHS = (
					"$(inherited)",
					"@executable_path/Frameworks",
				);
				PRODUCT_BUNDLE_IDENTIFIER = com.JacobRozell.TheChatAppiOS;
				PRODUCT_NAME = "$(TARGET_NAME)";
				PROVISIONING_PROFILE_SPECIFIER = "";
				SWIFT_VERSION = 5.0;
				TARGETED_DEVICE_FAMILY = "1,2";
			};
			name = Debug;
		};
		0B36589622DE2B1D0077C147 /* Release */ = {
			isa = XCBuildConfiguration;
			baseConfigurationReference = D9905163949E35D2E94014E7 /* Pods-The-Chat-App.release.xcconfig */;
			buildSettings = {
				ASSETCATALOG_COMPILER_APPICON_NAME = AppIcon;
				CODE_SIGN_IDENTITY = "iPhone Developer";
				CODE_SIGN_STYLE = Automatic;
				DEVELOPMENT_TEAM = 7JT2JB89AV;
				INFOPLIST_FILE = "The-Chat-App/SupportingFiles/Info.plist";
				LD_RUNPATH_SEARCH_PATHS = (
					"$(inherited)",
					"@executable_path/Frameworks",
				);
				PRODUCT_BUNDLE_IDENTIFIER = com.JacobRozell.TheChatAppiOS;
				PRODUCT_NAME = "$(TARGET_NAME)";
				PROVISIONING_PROFILE_SPECIFIER = "";
				SWIFT_VERSION = 5.0;
				TARGETED_DEVICE_FAMILY = "1,2";
			};
			name = Release;
		};
/* End XCBuildConfiguration section */

/* Begin XCConfigurationList section */
		0B36587D22DE2B1C0077C147 /* Build configuration list for PBXProject "The-Chat-App" */ = {
			isa = XCConfigurationList;
			buildConfigurations = (
				0B36589222DE2B1D0077C147 /* Debug */,
				0B36589322DE2B1D0077C147 /* Release */,
			);
			defaultConfigurationIsVisible = 0;
			defaultConfigurationName = Release;
		};
		0B36589422DE2B1D0077C147 /* Build configuration list for PBXNativeTarget "The-Chat-App" */ = {
			isa = XCConfigurationList;
			buildConfigurations = (
				0B36589522DE2B1D0077C147 /* Debug */,
				0B36589622DE2B1D0077C147 /* Release */,
			);
			defaultConfigurationIsVisible = 0;
			defaultConfigurationName = Release;
		};
/* End XCConfigurationList section */
	};
	rootObject = 0B36587A22DE2B1C0077C147 /* Project object */;
}
